
Microsoft Visual Studio Solution File, Format Version 12.00
# Visual Studio Version 17
VisualStudioVersion = 17.0.31903.59
MinimumVisualStudioVersion = 10.0.40219.1
Project("{2150E333-8FDC-42A3-9474-1A3956D46DE8}") = "src", "src", "{827E0CD3-B72D-47B6-A68D-7590B98EB39B}"
EndProject
Project("{FAE04EC0-301F-11D3-BF4B-00C04F79EFBC}") = "LucidRAG", "src\LucidRAG\LucidRAG.csproj", "{0A84708D-0608-41F0-9904-2E6320B94D77}"
EndProject
Project("{FAE04EC0-301F-11D3-BF4B-00C04F79EFBC}") = "Mostlylucid.DocSummarizer.Core", "src\Mostlylucid.DocSummarizer.Core\Mostlylucid.DocSummarizer.Core.csproj", "{C5083A7E-1897-4A24-A185-B4EAD0209189}"
EndProject
Project("{FAE04EC0-301F-11D3-BF4B-00C04F79EFBC}") = "Mostlylucid.GraphRag", "src\Mostlylucid.GraphRag\Mostlylucid.GraphRag.csproj", "{4BE6FE6F-E83E-48E7-986B-B19CBA1B6FF4}"
EndProject
Project("{FAE04EC0-301F-11D3-BF4B-00C04F79EFBC}") = "Mostlylucid.RAG", "src\Mostlylucid.RAG\Mostlylucid.RAG.csproj", "{AB405739-E833-48A4-A68F-5AC73535A198}"
EndProject
Project("{FAE04EC0-301F-11D3-BF4B-00C04F79EFBC}") = "LucidRAG.Cli", "src\LucidRAG.Cli\LucidRAG.Cli.csproj", "{3006DE90-7B2D-4BAD-B409-386F62764689}"
EndProject
Project("{FAE04EC0-301F-11D3-BF4B-00C04F79EFBC}") = "LucidRAG.Tests", "src\LucidRAG.Tests\LucidRAG.Tests.csproj", "{6C8B0CE4-DE64-4CAD-8315-97ED726DF390}"
EndProject
Project("{2150E333-8FDC-42A3-9474-1A3956D46DE8}") = "Solution", "Solution", "{7BFA8D93-CD4B-4304-8EDB-5DD5CCE17AFA}"
	ProjectSection(SolutionItems) = preProject
		.github\workflows\build.yml = .github\workflows\build.yml
		.github\workflows\publish-docsummarizer-nuget.yml = .github\workflows\publish-docsummarizer-nuget.yml
		.github\workflows\release-lucidrag.yml = .github\workflows\release-lucidrag.yml
		.github\workflows\release-lucidrag-cli.yml = .github\workflows\release-lucidrag-cli.yml
	EndProjectSection
EndProject
Project("{FAE04EC0-301F-11D3-BF4B-00C04F79EFBC}") = "Mostlylucid.DocSummarizer.Core.Tests", "src\Mostlylucid.DocSummarizer.Core.Tests\Mostlylucid.DocSummarizer.Core.Tests.csproj", "{1499AB32-A308-41A9-8C51-1A34622A1C9D}"
EndProject
Project("{FAE04EC0-301F-11D3-BF4B-00C04F79EFBC}") = "Mostlylucid.DocSummarizer", "src\Mostlylucid.DocSummarizer\Mostlylucid.DocSummarizer.csproj", "{3098C621-3018-418A-9339-EE9A62682F36}"
EndProject
Project("{FAE04EC0-301F-11D3-BF4B-00C04F79EFBC}") = "Mostlylucid.DocSummarizer.Article.Tests", "src\Mostlylucid.DocSummarizer.Article.Tests\Mostlylucid.DocSummarizer.Article.Tests.csproj", "{61164F74-505D-4E60-88B6-15E4FC53B402}"
EndProject
Project("{FAE04EC0-301F-11D3-BF4B-00C04F79EFBC}") = "Mostlylucid.DocSummarizer.Mcp", "src\Mostlylucid.DocSummarizer.Mcp\Mostlylucid.DocSummarizer.Mcp.csproj", "{DCC194A6-F28B-4B6D-A734-92ED0D303CE0}"
EndProject
Project("{FAE04EC0-301F-11D3-BF4B-00C04F79EFBC}") = "Mostlylucid.DocSummarizer.TestConsole", "src\Mostlylucid.DocSummarizer.TestConsole\Mostlylucid.DocSummarizer.TestConsole.csproj", "{AD8FDFAA-D638-4499-82F9-97BD22A9EDD6}"
EndProject
Project("{FAE04EC0-301F-11D3-BF4B-00C04F79EFBC}") = "Mostlylucid.DocSummarizer.Tests", "src\Mostlylucid.DocSummarizer.Tests\Mostlylucid.DocSummarizer.Tests.csproj", "{2C99C757-892C-4222-8B14-68353CFD6D02}"
EndProject
Project("{FAE04EC0-301F-11D3-BF4B-00C04F79EFBC}") = "Mostlylucid.Shared", "src\Mostlylucid.Shared\Mostlylucid.Shared.csproj", "{C341C48F-77F4-42BE-9E73-03EC7D6711E3}"
EndProject
Project("{FAE04EC0-301F-11D3-BF4B-00C04F79EFBC}") = "Mostlylucid.DocSummarizer.Images", "src\Mostlylucid.DocSummarizer.Images\Mostlylucid.DocSummarizer.Images.csproj", "{D2643013-4230-4723-B74A-725D9ADEC9E7}"
EndProject
Project("{FAE04EC0-301F-11D3-BF4B-00C04F79EFBC}") = "Mostlylucid.DocSummarizer.Anthropic", "src\Mostlylucid.DocSummarizer.Anthropic\Mostlylucid.DocSummarizer.Anthropic.csproj", "{B02790C8-C9C1-4B1E-9520-567BA01813FA}"
EndProject
Project("{FAE04EC0-301F-11D3-BF4B-00C04F79EFBC}") = "Mostlylucid.DocSummarizer.OpenAI", "src\Mostlylucid.DocSummarizer.OpenAI\Mostlylucid.DocSummarizer.OpenAI.csproj", "{D0BE466E-4CE3-454A-A5B7-DE93C7933118}"
EndProject
Project("{FAE04EC0-301F-11D3-BF4B-00C04F79EFBC}") = "Mostlylucid.DocSummarizer.Images.Tests", "src\Mostlylucid.DocSummarizer.Images.Tests\Mostlylucid.DocSummarizer.Images.Tests.csproj", "{B677A6EE-F5F1-4BF7-90AC-9613484A0087}"
EndProject
Project("{FAE04EC0-301F-11D3-BF4B-00C04F79EFBC}") = "Mostlylucid.ImageSummarizer.Cli", "src\Mostlylucid.ImageSummarizer.Cli\Mostlylucid.ImageSummarizer.Cli.csproj", "{C5E1D9A8-3F42-4A1E-9B7D-2E8F66C3DD77}"
EndProject
Project("{FAE04EC0-301F-11D3-BF4B-00C04F79EFBC}") = "LucidRAG.ImageCli", "src\LucidRAG.ImageCli\LucidRAG.ImageCli.csproj", "{8DFC1096-2448-4B1E-9F8A-1E6F55A2BB66}"
EndProject
Project("{FAE04EC0-301F-11D3-BF4B-00C04F79EFBC}") = "LucidRAG.ImageCli.Tests", "src\LucidRAG.ImageCli.Tests\LucidRAG.ImageCli.Tests.csproj", "{491D9C65-8450-46AA-A225-F29248ED5CFA}"
EndProject
Global
	GlobalSection(SolutionConfigurationPlatforms) = preSolution
		Debug|Any CPU = Debug|Any CPU
		Debug|x64 = Debug|x64
		Debug|x86 = Debug|x86
		Release|Any CPU = Release|Any CPU
		Release|x64 = Release|x64
		Release|x86 = Release|x86
	EndGlobalSection
	GlobalSection(ProjectConfigurationPlatforms) = postSolution
		{0A84708D-0608-41F0-9904-2E6320B94D77}.Debug|Any CPU.ActiveCfg = Debug|Any CPU
		{0A84708D-0608-41F0-9904-2E6320B94D77}.Debug|Any CPU.Build.0 = Debug|Any CPU
		{0A84708D-0608-41F0-9904-2E6320B94D77}.Debug|x64.ActiveCfg = Debug|Any CPU
		{0A84708D-0608-41F0-9904-2E6320B94D77}.Debug|x64.Build.0 = Debug|Any CPU
		{0A84708D-0608-41F0-9904-2E6320B94D77}.Debug|x86.ActiveCfg = Debug|Any CPU
		{0A84708D-0608-41F0-9904-2E6320B94D77}.Debug|x86.Build.0 = Debug|Any CPU
		{0A84708D-0608-41F0-9904-2E6320B94D77}.Release|Any CPU.ActiveCfg = Release|Any CPU
		{0A84708D-0608-41F0-9904-2E6320B94D77}.Release|Any CPU.Build.0 = Release|Any CPU
		{0A84708D-0608-41F0-9904-2E6320B94D77}.Release|x64.ActiveCfg = Release|Any CPU
		{0A84708D-0608-41F0-9904-2E6320B94D77}.Release|x64.Build.0 = Release|Any CPU
		{0A84708D-0608-41F0-9904-2E6320B94D77}.Release|x86.ActiveCfg = Release|Any CPU
		{0A84708D-0608-41F0-9904-2E6320B94D77}.Release|x86.Build.0 = Release|Any CPU
		{C5083A7E-1897-4A24-A185-B4EAD0209189}.Debug|Any CPU.ActiveCfg = Debug|Any CPU
		{C5083A7E-1897-4A24-A185-B4EAD0209189}.Debug|Any CPU.Build.0 = Debug|Any CPU
		{C5083A7E-1897-4A24-A185-B4EAD0209189}.Debug|x64.ActiveCfg = Debug|Any CPU
		{C5083A7E-1897-4A24-A185-B4EAD0209189}.Debug|x64.Build.0 = Debug|Any CPU
		{C5083A7E-1897-4A24-A185-B4EAD0209189}.Debug|x86.ActiveCfg = Debug|Any CPU
		{C5083A7E-1897-4A24-A185-B4EAD0209189}.Debug|x86.Build.0 = Debug|Any CPU
		{C5083A7E-1897-4A24-A185-B4EAD0209189}.Release|Any CPU.ActiveCfg = Release|Any CPU
		{C5083A7E-1897-4A24-A185-B4EAD0209189}.Release|Any CPU.Build.0 = Release|Any CPU
		{C5083A7E-1897-4A24-A185-B4EAD0209189}.Release|x64.ActiveCfg = Release|Any CPU
		{C5083A7E-1897-4A24-A185-B4EAD0209189}.Release|x64.Build.0 = Release|Any CPU
		{C5083A7E-1897-4A24-A185-B4EAD0209189}.Release|x86.ActiveCfg = Release|Any CPU
		{C5083A7E-1897-4A24-A185-B4EAD0209189}.Release|x86.Build.0 = Release|Any CPU
		{4BE6FE6F-E83E-48E7-986B-B19CBA1B6FF4}.Debug|Any CPU.ActiveCfg = Debug|Any CPU
		{4BE6FE6F-E83E-48E7-986B-B19CBA1B6FF4}.Debug|Any CPU.Build.0 = Debug|Any CPU
		{4BE6FE6F-E83E-48E7-986B-B19CBA1B6FF4}.Debug|x64.ActiveCfg = Debug|Any CPU
		{4BE6FE6F-E83E-48E7-986B-B19CBA1B6FF4}.Debug|x64.Build.0 = Debug|Any CPU
		{4BE6FE6F-E83E-48E7-986B-B19CBA1B6FF4}.Debug|x86.ActiveCfg = Debug|Any CPU
		{4BE6FE6F-E83E-48E7-986B-B19CBA1B6FF4}.Debug|x86.Build.0 = Debug|Any CPU
		{4BE6FE6F-E83E-48E7-986B-B19CBA1B6FF4}.Release|Any CPU.ActiveCfg = Release|Any CPU
		{4BE6FE6F-E83E-48E7-986B-B19CBA1B6FF4}.Release|Any CPU.Build.0 = Release|Any CPU
		{4BE6FE6F-E83E-48E7-986B-B19CBA1B6FF4}.Release|x64.ActiveCfg = Release|Any CPU
		{4BE6FE6F-E83E-48E7-986B-B19CBA1B6FF4}.Release|x64.Build.0 = Release|Any CPU
		{4BE6FE6F-E83E-48E7-986B-B19CBA1B6FF4}.Release|x86.ActiveCfg = Release|Any CPU
		{4BE6FE6F-E83E-48E7-986B-B19CBA1B6FF4}.Release|x86.Build.0 = Release|Any CPU
		{AB405739-E833-48A4-A68F-5AC73535A198}.Debug|Any CPU.ActiveCfg = Debug|Any CPU
		{AB405739-E833-48A4-A68F-5AC73535A198}.Debug|Any CPU.Build.0 = Debug|Any CPU
		{AB405739-E833-48A4-A68F-5AC73535A198}.Debug|x64.ActiveCfg = Debug|Any CPU
		{AB405739-E833-48A4-A68F-5AC73535A198}.Debug|x64.Build.0 = Debug|Any CPU
		{AB405739-E833-48A4-A68F-5AC73535A198}.Debug|x86.ActiveCfg = Debug|Any CPU
		{AB405739-E833-48A4-A68F-5AC73535A198}.Debug|x86.Build.0 = Debug|Any CPU
		{AB405739-E833-48A4-A68F-5AC73535A198}.Release|Any CPU.ActiveCfg = Release|Any CPU
		{AB405739-E833-48A4-A68F-5AC73535A198}.Release|Any CPU.Build.0 = Release|Any CPU
		{AB405739-E833-48A4-A68F-5AC73535A198}.Release|x64.ActiveCfg = Release|Any CPU
		{AB405739-E833-48A4-A68F-5AC73535A198}.Release|x64.Build.0 = Release|Any CPU
		{AB405739-E833-48A4-A68F-5AC73535A198}.Release|x86.ActiveCfg = Release|Any CPU
		{AB405739-E833-48A4-A68F-5AC73535A198}.Release|x86.Build.0 = Release|Any CPU
		{3006DE90-7B2D-4BAD-B409-386F62764689}.Debug|Any CPU.ActiveCfg = Debug|Any CPU
		{3006DE90-7B2D-4BAD-B409-386F62764689}.Debug|Any CPU.Build.0 = Debug|Any CPU
		{3006DE90-7B2D-4BAD-B409-386F62764689}.Debug|x64.ActiveCfg = Debug|Any CPU
		{3006DE90-7B2D-4BAD-B409-386F62764689}.Debug|x64.Build.0 = Debug|Any CPU
		{3006DE90-7B2D-4BAD-B409-386F62764689}.Debug|x86.ActiveCfg = Debug|Any CPU
		{3006DE90-7B2D-4BAD-B409-386F62764689}.Debug|x86.Build.0 = Debug|Any CPU
		{3006DE90-7B2D-4BAD-B409-386F62764689}.Release|Any CPU.ActiveCfg = Release|Any CPU
		{3006DE90-7B2D-4BAD-B409-386F62764689}.Release|Any CPU.Build.0 = Release|Any CPU
		{3006DE90-7B2D-4BAD-B409-386F62764689}.Release|x64.ActiveCfg = Release|Any CPU
		{3006DE90-7B2D-4BAD-B409-386F62764689}.Release|x64.Build.0 = Release|Any CPU
		{3006DE90-7B2D-4BAD-B409-386F62764689}.Release|x86.ActiveCfg = Release|Any CPU
		{3006DE90-7B2D-4BAD-B409-386F62764689}.Release|x86.Build.0 = Release|Any CPU
		{6C8B0CE4-DE64-4CAD-8315-97ED726DF390}.Debug|Any CPU.ActiveCfg = Debug|Any CPU
		{6C8B0CE4-DE64-4CAD-8315-97ED726DF390}.Debug|Any CPU.Build.0 = Debug|Any CPU
		{6C8B0CE4-DE64-4CAD-8315-97ED726DF390}.Debug|x64.ActiveCfg = Debug|Any CPU
		{6C8B0CE4-DE64-4CAD-8315-97ED726DF390}.Debug|x64.Build.0 = Debug|Any CPU
		{6C8B0CE4-DE64-4CAD-8315-97ED726DF390}.Debug|x86.ActiveCfg = Debug|Any CPU
		{6C8B0CE4-DE64-4CAD-8315-97ED726DF390}.Debug|x86.Build.0 = Debug|Any CPU
		{6C8B0CE4-DE64-4CAD-8315-97ED726DF390}.Release|Any CPU.ActiveCfg = Release|Any CPU
		{6C8B0CE4-DE64-4CAD-8315-97ED726DF390}.Release|Any CPU.Build.0 = Release|Any CPU
		{6C8B0CE4-DE64-4CAD-8315-97ED726DF390}.Release|x64.ActiveCfg = Release|Any CPU
		{6C8B0CE4-DE64-4CAD-8315-97ED726DF390}.Release|x64.Build.0 = Release|Any CPU
		{6C8B0CE4-DE64-4CAD-8315-97ED726DF390}.Release|x86.ActiveCfg = Release|Any CPU
		{6C8B0CE4-DE64-4CAD-8315-97ED726DF390}.Release|x86.Build.0 = Release|Any CPU
		{1499AB32-A308-41A9-8C51-1A34622A1C9D}.Debug|Any CPU.ActiveCfg = Debug|Any CPU
		{1499AB32-A308-41A9-8C51-1A34622A1C9D}.Debug|Any CPU.Build.0 = Debug|Any CPU
		{1499AB32-A308-41A9-8C51-1A34622A1C9D}.Debug|x64.ActiveCfg = Debug|Any CPU
		{1499AB32-A308-41A9-8C51-1A34622A1C9D}.Debug|x64.Build.0 = Debug|Any CPU
		{1499AB32-A308-41A9-8C51-1A34622A1C9D}.Debug|x86.ActiveCfg = Debug|Any CPU
		{1499AB32-A308-41A9-8C51-1A34622A1C9D}.Debug|x86.Build.0 = Debug|Any CPU
		{1499AB32-A308-41A9-8C51-1A34622A1C9D}.Release|Any CPU.ActiveCfg = Release|Any CPU
		{1499AB32-A308-41A9-8C51-1A34622A1C9D}.Release|Any CPU.Build.0 = Release|Any CPU
		{1499AB32-A308-41A9-8C51-1A34622A1C9D}.Release|x64.ActiveCfg = Release|Any CPU
		{1499AB32-A308-41A9-8C51-1A34622A1C9D}.Release|x64.Build.0 = Release|Any CPU
		{1499AB32-A308-41A9-8C51-1A34622A1C9D}.Release|x86.ActiveCfg = Release|Any CPU
		{1499AB32-A308-41A9-8C51-1A34622A1C9D}.Release|x86.Build.0 = Release|Any CPU
		{3098C621-3018-418A-9339-EE9A62682F36}.Debug|Any CPU.ActiveCfg = Debug|Any CPU
		{3098C621-3018-418A-9339-EE9A62682F36}.Debug|Any CPU.Build.0 = Debug|Any CPU
		{3098C621-3018-418A-9339-EE9A62682F36}.Debug|x64.ActiveCfg = Debug|Any CPU
		{3098C621-3018-418A-9339-EE9A62682F36}.Debug|x64.Build.0 = Debug|Any CPU
		{3098C621-3018-418A-9339-EE9A62682F36}.Debug|x86.ActiveCfg = Debug|Any CPU
		{3098C621-3018-418A-9339-EE9A62682F36}.Debug|x86.Build.0 = Debug|Any CPU
		{3098C621-3018-418A-9339-EE9A62682F36}.Release|Any CPU.ActiveCfg = Release|Any CPU
		{3098C621-3018-418A-9339-EE9A62682F36}.Release|Any CPU.Build.0 = Release|Any CPU
		{3098C621-3018-418A-9339-EE9A62682F36}.Release|x64.ActiveCfg = Release|Any CPU
		{3098C621-3018-418A-9339-EE9A62682F36}.Release|x64.Build.0 = Release|Any CPU
		{3098C621-3018-418A-9339-EE9A62682F36}.Release|x86.ActiveCfg = Release|Any CPU
		{3098C621-3018-418A-9339-EE9A62682F36}.Release|x86.Build.0 = Release|Any CPU
		{61164F74-505D-4E60-88B6-15E4FC53B402}.Debug|Any CPU.ActiveCfg = Debug|Any CPU
		{61164F74-505D-4E60-88B6-15E4FC53B402}.Debug|Any CPU.Build.0 = Debug|Any CPU
		{61164F74-505D-4E60-88B6-15E4FC53B402}.Debug|x64.ActiveCfg = Debug|Any CPU
		{61164F74-505D-4E60-88B6-15E4FC53B402}.Debug|x64.Build.0 = Debug|Any CPU
		{61164F74-505D-4E60-88B6-15E4FC53B402}.Debug|x86.ActiveCfg = Debug|Any CPU
		{61164F74-505D-4E60-88B6-15E4FC53B402}.Debug|x86.Build.0 = Debug|Any CPU
		{61164F74-505D-4E60-88B6-15E4FC53B402}.Release|Any CPU.ActiveCfg = Release|Any CPU
		{61164F74-505D-4E60-88B6-15E4FC53B402}.Release|Any CPU.Build.0 = Release|Any CPU
		{61164F74-505D-4E60-88B6-15E4FC53B402}.Release|x64.ActiveCfg = Release|Any CPU
		{61164F74-505D-4E60-88B6-15E4FC53B402}.Release|x64.Build.0 = Release|Any CPU
		{61164F74-505D-4E60-88B6-15E4FC53B402}.Release|x86.ActiveCfg = Release|Any CPU
		{61164F74-505D-4E60-88B6-15E4FC53B402}.Release|x86.Build.0 = Release|Any CPU
		{DCC194A6-F28B-4B6D-A734-92ED0D303CE0}.Debug|Any CPU.ActiveCfg = Debug|Any CPU
		{DCC194A6-F28B-4B6D-A734-92ED0D303CE0}.Debug|Any CPU.Build.0 = Debug|Any CPU
		{DCC194A6-F28B-4B6D-A734-92ED0D303CE0}.Debug|x64.ActiveCfg = Debug|Any CPU
		{DCC194A6-F28B-4B6D-A734-92ED0D303CE0}.Debug|x64.Build.0 = Debug|Any CPU
		{DCC194A6-F28B-4B6D-A734-92ED0D303CE0}.Debug|x86.ActiveCfg = Debug|Any CPU
		{DCC194A6-F28B-4B6D-A734-92ED0D303CE0}.Debug|x86.Build.0 = Debug|Any CPU
		{DCC194A6-F28B-4B6D-A734-92ED0D303CE0}.Release|Any CPU.ActiveCfg = Release|Any CPU
		{DCC194A6-F28B-4B6D-A734-92ED0D303CE0}.Release|Any CPU.Build.0 = Release|Any CPU
		{DCC194A6-F28B-4B6D-A734-92ED0D303CE0}.Release|x64.ActiveCfg = Release|Any CPU
		{DCC194A6-F28B-4B6D-A734-92ED0D303CE0}.Release|x64.Build.0 = Release|Any CPU
		{DCC194A6-F28B-4B6D-A734-92ED0D303CE0}.Release|x86.ActiveCfg = Release|Any CPU
		{DCC194A6-F28B-4B6D-A734-92ED0D303CE0}.Release|x86.Build.0 = Release|Any CPU
		{AD8FDFAA-D638-4499-82F9-97BD22A9EDD6}.Debug|Any CPU.ActiveCfg = Debug|Any CPU
		{AD8FDFAA-D638-4499-82F9-97BD22A9EDD6}.Debug|Any CPU.Build.0 = Debug|Any CPU
		{AD8FDFAA-D638-4499-82F9-97BD22A9EDD6}.Debug|x64.ActiveCfg = Debug|Any CPU
		{AD8FDFAA-D638-4499-82F9-97BD22A9EDD6}.Debug|x64.Build.0 = Debug|Any CPU
		{AD8FDFAA-D638-4499-82F9-97BD22A9EDD6}.Debug|x86.ActiveCfg = Debug|Any CPU
		{AD8FDFAA-D638-4499-82F9-97BD22A9EDD6}.Debug|x86.Build.0 = Debug|Any CPU
		{AD8FDFAA-D638-4499-82F9-97BD22A9EDD6}.Release|Any CPU.ActiveCfg = Release|Any CPU
		{AD8FDFAA-D638-4499-82F9-97BD22A9EDD6}.Release|Any CPU.Build.0 = Release|Any CPU
		{AD8FDFAA-D638-4499-82F9-97BD22A9EDD6}.Release|x64.ActiveCfg = Release|Any CPU
		{AD8FDFAA-D638-4499-82F9-97BD22A9EDD6}.Release|x64.Build.0 = Release|Any CPU
		{AD8FDFAA-D638-4499-82F9-97BD22A9EDD6}.Release|x86.ActiveCfg = Release|Any CPU
		{AD8FDFAA-D638-4499-82F9-97BD22A9EDD6}.Release|x86.Build.0 = Release|Any CPU
		{2C99C757-892C-4222-8B14-68353CFD6D02}.Debug|Any CPU.ActiveCfg = Debug|Any CPU
		{2C99C757-892C-4222-8B14-68353CFD6D02}.Debug|Any CPU.Build.0 = Debug|Any CPU
		{2C99C757-892C-4222-8B14-68353CFD6D02}.Debug|x64.ActiveCfg = Debug|Any CPU
		{2C99C757-892C-4222-8B14-68353CFD6D02}.Debug|x64.Build.0 = Debug|Any CPU
		{2C99C757-892C-4222-8B14-68353CFD6D02}.Debug|x86.ActiveCfg = Debug|Any CPU
		{2C99C757-892C-4222-8B14-68353CFD6D02}.Debug|x86.Build.0 = Debug|Any CPU
		{2C99C757-892C-4222-8B14-68353CFD6D02}.Release|Any CPU.ActiveCfg = Release|Any CPU
		{2C99C757-892C-4222-8B14-68353CFD6D02}.Release|Any CPU.Build.0 = Release|Any CPU
		{2C99C757-892C-4222-8B14-68353CFD6D02}.Release|x64.ActiveCfg = Release|Any CPU
		{2C99C757-892C-4222-8B14-68353CFD6D02}.Release|x64.Build.0 = Release|Any CPU
		{2C99C757-892C-4222-8B14-68353CFD6D02}.Release|x86.ActiveCfg = Release|Any CPU
		{2C99C757-892C-4222-8B14-68353CFD6D02}.Release|x86.Build.0 = Release|Any CPU
		{C341C48F-77F4-42BE-9E73-03EC7D6711E3}.Debug|Any CPU.ActiveCfg = Debug|Any CPU
		{C341C48F-77F4-42BE-9E73-03EC7D6711E3}.Debug|Any CPU.Build.0 = Debug|Any CPU
		{C341C48F-77F4-42BE-9E73-03EC7D6711E3}.Debug|x64.ActiveCfg = Debug|Any CPU
		{C341C48F-77F4-42BE-9E73-03EC7D6711E3}.Debug|x64.Build.0 = Debug|Any CPU
		{C341C48F-77F4-42BE-9E73-03EC7D6711E3}.Debug|x86.ActiveCfg = Debug|Any CPU
		{C341C48F-77F4-42BE-9E73-03EC7D6711E3}.Debug|x86.Build.0 = Debug|Any CPU
		{C341C48F-77F4-42BE-9E73-03EC7D6711E3}.Release|Any CPU.ActiveCfg = Release|Any CPU
		{C341C48F-77F4-42BE-9E73-03EC7D6711E3}.Release|Any CPU.Build.0 = Release|Any CPU
		{C341C48F-77F4-42BE-9E73-03EC7D6711E3}.Release|x64.ActiveCfg = Release|Any CPU
		{C341C48F-77F4-42BE-9E73-03EC7D6711E3}.Release|x64.Build.0 = Release|Any CPU
		{C341C48F-77F4-42BE-9E73-03EC7D6711E3}.Release|x86.ActiveCfg = Release|Any CPU
		{C341C48F-77F4-42BE-9E73-03EC7D6711E3}.Release|x86.Build.0 = Release|Any CPU
		{D2643013-4230-4723-B74A-725D9ADEC9E7}.Debug|Any CPU.ActiveCfg = Debug|Any CPU
		{D2643013-4230-4723-B74A-725D9ADEC9E7}.Debug|Any CPU.Build.0 = Debug|Any CPU
		{D2643013-4230-4723-B74A-725D9ADEC9E7}.Debug|x64.ActiveCfg = Debug|Any CPU
		{D2643013-4230-4723-B74A-725D9ADEC9E7}.Debug|x64.Build.0 = Debug|Any CPU
		{D2643013-4230-4723-B74A-725D9ADEC9E7}.Debug|x86.ActiveCfg = Debug|Any CPU
		{D2643013-4230-4723-B74A-725D9ADEC9E7}.Debug|x86.Build.0 = Debug|Any CPU
		{D2643013-4230-4723-B74A-725D9ADEC9E7}.Release|Any CPU.ActiveCfg = Release|Any CPU
		{D2643013-4230-4723-B74A-725D9ADEC9E7}.Release|Any CPU.Build.0 = Release|Any CPU
		{D2643013-4230-4723-B74A-725D9ADEC9E7}.Release|x64.ActiveCfg = Release|Any CPU
		{D2643013-4230-4723-B74A-725D9ADEC9E7}.Release|x64.Build.0 = Release|Any CPU
		{D2643013-4230-4723-B74A-725D9ADEC9E7}.Release|x86.ActiveCfg = Release|Any CPU
		{D2643013-4230-4723-B74A-725D9ADEC9E7}.Release|x86.Build.0 = Release|Any CPU
		{B02790C8-C9C1-4B1E-9520-567BA01813FA}.Debug|Any CPU.ActiveCfg = Debug|Any CPU
		{B02790C8-C9C1-4B1E-9520-567BA01813FA}.Debug|Any CPU.Build.0 = Debug|Any CPU
		{B02790C8-C9C1-4B1E-9520-567BA01813FA}.Debug|x64.ActiveCfg = Debug|Any CPU
		{B02790C8-C9C1-4B1E-9520-567BA01813FA}.Debug|x64.Build.0 = Debug|Any CPU
		{B02790C8-C9C1-4B1E-9520-567BA01813FA}.Debug|x86.ActiveCfg = Debug|Any CPU
		{B02790C8-C9C1-4B1E-9520-567BA01813FA}.Debug|x86.Build.0 = Debug|Any CPU
		{B02790C8-C9C1-4B1E-9520-567BA01813FA}.Release|Any CPU.ActiveCfg = Release|Any CPU
		{B02790C8-C9C1-4B1E-9520-567BA01813FA}.Release|Any CPU.Build.0 = Release|Any CPU
		{B02790C8-C9C1-4B1E-9520-567BA01813FA}.Release|x64.ActiveCfg = Release|Any CPU
		{B02790C8-C9C1-4B1E-9520-567BA01813FA}.Release|x64.Build.0 = Release|Any CPU
		{B02790C8-C9C1-4B1E-9520-567BA01813FA}.Release|x86.ActiveCfg = Release|Any CPU
		{B02790C8-C9C1-4B1E-9520-567BA01813FA}.Release|x86.Build.0 = Release|Any CPU
		{D0BE466E-4CE3-454A-A5B7-DE93C7933118}.Debug|Any CPU.ActiveCfg = Debug|Any CPU
		{D0BE466E-4CE3-454A-A5B7-DE93C7933118}.Debug|Any CPU.Build.0 = Debug|Any CPU
		{D0BE466E-4CE3-454A-A5B7-DE93C7933118}.Debug|x64.ActiveCfg = Debug|Any CPU
		{D0BE466E-4CE3-454A-A5B7-DE93C7933118}.Debug|x64.Build.0 = Debug|Any CPU
		{D0BE466E-4CE3-454A-A5B7-DE93C7933118}.Debug|x86.ActiveCfg = Debug|Any CPU
		{D0BE466E-4CE3-454A-A5B7-DE93C7933118}.Debug|x86.Build.0 = Debug|Any CPU
		{D0BE466E-4CE3-454A-A5B7-DE93C7933118}.Release|Any CPU.ActiveCfg = Release|Any CPU
		{D0BE466E-4CE3-454A-A5B7-DE93C7933118}.Release|Any CPU.Build.0 = Release|Any CPU
		{D0BE466E-4CE3-454A-A5B7-DE93C7933118}.Release|x64.ActiveCfg = Release|Any CPU
		{D0BE466E-4CE3-454A-A5B7-DE93C7933118}.Release|x64.Build.0 = Release|Any CPU
		{D0BE466E-4CE3-454A-A5B7-DE93C7933118}.Release|x86.ActiveCfg = Release|Any CPU
		{D0BE466E-4CE3-454A-A5B7-DE93C7933118}.Release|x86.Build.0 = Release|Any CPU
		{B677A6EE-F5F1-4BF7-90AC-9613484A0087}.Debug|Any CPU.ActiveCfg = Debug|Any CPU
		{B677A6EE-F5F1-4BF7-90AC-9613484A0087}.Debug|Any CPU.Build.0 = Debug|Any CPU
		{B677A6EE-F5F1-4BF7-90AC-9613484A0087}.Debug|x64.ActiveCfg = Debug|Any CPU
		{B677A6EE-F5F1-4BF7-90AC-9613484A0087}.Debug|x64.Build.0 = Debug|Any CPU
		{B677A6EE-F5F1-4BF7-90AC-9613484A0087}.Debug|x86.ActiveCfg = Debug|Any CPU
		{B677A6EE-F5F1-4BF7-90AC-9613484A0087}.Debug|x86.Build.0 = Debug|Any CPU
		{B677A6EE-F5F1-4BF7-90AC-9613484A0087}.Release|Any CPU.ActiveCfg = Release|Any CPU
		{B677A6EE-F5F1-4BF7-90AC-9613484A0087}.Release|Any CPU.Build.0 = Release|Any CPU
		{B677A6EE-F5F1-4BF7-90AC-9613484A0087}.Release|x64.ActiveCfg = Release|Any CPU
		{B677A6EE-F5F1-4BF7-90AC-9613484A0087}.Release|x64.Build.0 = Release|Any CPU
		{B677A6EE-F5F1-4BF7-90AC-9613484A0087}.Release|x86.ActiveCfg = Release|Any CPU
		{B677A6EE-F5F1-4BF7-90AC-9613484A0087}.Release|x86.Build.0 = Release|Any CPU
		{C5E1D9A8-3F42-4A1E-9B7D-2E8F66C3DD77}.Debug|Any CPU.ActiveCfg = Debug|Any CPU
		{C5E1D9A8-3F42-4A1E-9B7D-2E8F66C3DD77}.Debug|Any CPU.Build.0 = Debug|Any CPU
		{C5E1D9A8-3F42-4A1E-9B7D-2E8F66C3DD77}.Debug|x64.ActiveCfg = Debug|Any CPU
		{C5E1D9A8-3F42-4A1E-9B7D-2E8F66C3DD77}.Debug|x64.Build.0 = Debug|Any CPU
		{C5E1D9A8-3F42-4A1E-9B7D-2E8F66C3DD77}.Debug|x86.ActiveCfg = Debug|Any CPU
		{C5E1D9A8-3F42-4A1E-9B7D-2E8F66C3DD77}.Debug|x86.Build.0 = Debug|Any CPU
		{C5E1D9A8-3F42-4A1E-9B7D-2E8F66C3DD77}.Release|Any CPU.ActiveCfg = Release|Any CPU
		{C5E1D9A8-3F42-4A1E-9B7D-2E8F66C3DD77}.Release|Any CPU.Build.0 = Release|Any CPU
		{C5E1D9A8-3F42-4A1E-9B7D-2E8F66C3DD77}.Release|x64.ActiveCfg = Release|Any CPU
		{C5E1D9A8-3F42-4A1E-9B7D-2E8F66C3DD77}.Release|x64.Build.0 = Release|Any CPU
		{C5E1D9A8-3F42-4A1E-9B7D-2E8F66C3DD77}.Release|x86.ActiveCfg = Release|Any CPU
		{C5E1D9A8-3F42-4A1E-9B7D-2E8F66C3DD77}.Release|x86.Build.0 = Release|Any CPU
		{8DFC1096-2448-4B1E-9F8A-1E6F55A2BB66}.Debug|Any CPU.ActiveCfg = Debug|Any CPU
		{8DFC1096-2448-4B1E-9F8A-1E6F55A2BB66}.Debug|Any CPU.Build.0 = Debug|Any CPU
		{8DFC1096-2448-4B1E-9F8A-1E6F55A2BB66}.Debug|x64.ActiveCfg = Debug|Any CPU
		{8DFC1096-2448-4B1E-9F8A-1E6F55A2BB66}.Debug|x64.Build.0 = Debug|Any CPU
		{8DFC1096-2448-4B1E-9F8A-1E6F55A2BB66}.Debug|x86.ActiveCfg = Debug|Any CPU
		{8DFC1096-2448-4B1E-9F8A-1E6F55A2BB66}.Debug|x86.Build.0 = Debug|Any CPU
		{8DFC1096-2448-4B1E-9F8A-1E6F55A2BB66}.Release|Any CPU.ActiveCfg = Release|Any CPU
		{8DFC1096-2448-4B1E-9F8A-1E6F55A2BB66}.Release|Any CPU.Build.0 = Release|Any CPU
		{8DFC1096-2448-4B1E-9F8A-1E6F55A2BB66}.Release|x64.ActiveCfg = Release|Any CPU
		{8DFC1096-2448-4B1E-9F8A-1E6F55A2BB66}.Release|x64.Build.0 = Release|Any CPU
		{8DFC1096-2448-4B1E-9F8A-1E6F55A2BB66}.Release|x86.ActiveCfg = Release|Any CPU
		{8DFC1096-2448-4B1E-9F8A-1E6F55A2BB66}.Release|x86.Build.0 = Release|Any CPU
		{491D9C65-8450-46AA-A225-F29248ED5CFA}.Debug|Any CPU.ActiveCfg = Debug|Any CPU
		{491D9C65-8450-46AA-A225-F29248ED5CFA}.Debug|Any CPU.Build.0 = Debug|Any CPU
		{491D9C65-8450-46AA-A225-F29248ED5CFA}.Debug|x64.ActiveCfg = Debug|Any CPU
		{491D9C65-8450-46AA-A225-F29248ED5CFA}.Debug|x64.Build.0 = Debug|Any CPU
		{491D9C65-8450-46AA-A225-F29248ED5CFA}.Debug|x86.ActiveCfg = Debug|Any CPU
		{491D9C65-8450-46AA-A225-F29248ED5CFA}.Debug|x86.Build.0 = Debug|Any CPU
		{491D9C65-8450-46AA-A225-F29248ED5CFA}.Release|Any CPU.ActiveCfg = Release|Any CPU
		{491D9C65-8450-46AA-A225-F29248ED5CFA}.Release|Any CPU.Build.0 = Release|Any CPU
		{491D9C65-8450-46AA-A225-F29248ED5CFA}.Release|x64.ActiveCfg = Release|Any CPU
		{491D9C65-8450-46AA-A225-F29248ED5CFA}.Release|x64.Build.0 = Release|Any CPU
		{491D9C65-8450-46AA-A225-F29248ED5CFA}.Release|x86.ActiveCfg = Release|Any CPU
		{491D9C65-8450-46AA-A225-F29248ED5CFA}.Release|x86.Build.0 = Release|Any CPU
	EndGlobalSection
	GlobalSection(SolutionProperties) = preSolution
		HideSolutionNode = FALSE
	EndGlobalSection
	GlobalSection(NestedProjects) = preSolution
		{0A84708D-0608-41F0-9904-2E6320B94D77} = {827E0CD3-B72D-47B6-A68D-7590B98EB39B}
		{C5083A7E-1897-4A24-A185-B4EAD0209189} = {827E0CD3-B72D-47B6-A68D-7590B98EB39B}
		{4BE6FE6F-E83E-48E7-986B-B19CBA1B6FF4} = {827E0CD3-B72D-47B6-A68D-7590B98EB39B}
		{AB405739-E833-48A4-A68F-5AC73535A198} = {827E0CD3-B72D-47B6-A68D-7590B98EB39B}
		{3006DE90-7B2D-4BAD-B409-386F62764689} = {827E0CD3-B72D-47B6-A68D-7590B98EB39B}
		{6C8B0CE4-DE64-4CAD-8315-97ED726DF390} = {827E0CD3-B72D-47B6-A68D-7590B98EB39B}
		{1499AB32-A308-41A9-8C51-1A34622A1C9D} = {827E0CD3-B72D-47B6-A68D-7590B98EB39B}
		{3098C621-3018-418A-9339-EE9A62682F36} = {827E0CD3-B72D-47B6-A68D-7590B98EB39B}
		{61164F74-505D-4E60-88B6-15E4FC53B402} = {827E0CD3-B72D-47B6-A68D-7590B98EB39B}
		{DCC194A6-F28B-4B6D-A734-92ED0D303CE0} = {827E0CD3-B72D-47B6-A68D-7590B98EB39B}
		{AD8FDFAA-D638-4499-82F9-97BD22A9EDD6} = {827E0CD3-B72D-47B6-A68D-7590B98EB39B}
		{2C99C757-892C-4222-8B14-68353CFD6D02} = {827E0CD3-B72D-47B6-A68D-7590B98EB39B}
		{C341C48F-77F4-42BE-9E73-03EC7D6711E3} = {827E0CD3-B72D-47B6-A68D-7590B98EB39B}
		{D2643013-4230-4723-B74A-725D9ADEC9E7} = {827E0CD3-B72D-47B6-A68D-7590B98EB39B}
		{B02790C8-C9C1-4B1E-9520-567BA01813FA} = {827E0CD3-B72D-47B6-A68D-7590B98EB39B}
		{D0BE466E-4CE3-454A-A5B7-DE93C7933118} = {827E0CD3-B72D-47B6-A68D-7590B98EB39B}
		{B677A6EE-F5F1-4BF7-90AC-9613484A0087} = {827E0CD3-B72D-47B6-A68D-7590B98EB39B}
		{C5E1D9A8-3F42-4A1E-9B7D-2E8F66C3DD77} = {827E0CD3-B72D-47B6-A68D-7590B98EB39B}
		{8DFC1096-2448-4B1E-9F8A-1E6F55A2BB66} = {827E0CD3-B72D-47B6-A68D-7590B98EB39B}
		{491D9C65-8450-46AA-A225-F29248ED5CFA} = {827E0CD3-B72D-47B6-A68D-7590B98EB39B}
	EndGlobalSection
EndGlobal
